// !$*UTF8*$!
{
	archiveVersion = 1;
	classes = {
	};
	objectVersion = 46;
	objects = {

/* Begin PBXBuildFile section */
		F128DD151BFE7BE4000201DA /* AppDelegate.swift in Sources */ = {isa = PBXBuildFile; fileRef = F128DD141BFE7BE4000201DA /* AppDelegate.swift */; };
		F128DD171BFE7BE4000201DA /* ViewController.swift in Sources */ = {isa = PBXBuildFile; fileRef = F128DD161BFE7BE4000201DA /* ViewController.swift */; };
		F128DD1A1BFE7BE4000201DA /* Main.storyboard in Resources */ = {isa = PBXBuildFile; fileRef = F128DD181BFE7BE4000201DA /* Main.storyboard */; };
		F128DD1D1BFE7BE4000201DA /* MyPredictor.xcdatamodeld in Sources */ = {isa = PBXBuildFile; fileRef = F128DD1B1BFE7BE4000201DA /* MyPredictor.xcdatamodeld */; };
		F128DD1F1BFE7BE4000201DA /* Assets.xcassets in Resources */ = {isa = PBXBuildFile; fileRef = F128DD1E1BFE7BE4000201DA /* Assets.xcassets */; };
		F128DD221BFE7BE4000201DA /* LaunchScreen.storyboard in Resources */ = {isa = PBXBuildFile; fileRef = F128DD201BFE7BE4000201DA /* LaunchScreen.storyboard */; };
/* End PBXBuildFile section */

/* Begin PBXFileReference section */
		F128DD111BFE7BE4000201DA /* MyPredictor.app */ = {isa = PBXFileReference; explicitFileType = wrapper.application; includeInIndex = 0; path = MyPredictor.app; sourceTree = BUILT_PRODUCTS_DIR; };
		F128DD141BFE7BE4000201DA /* AppDelegate.swift */ = {isa = PBXFileReference; lastKnownFileType = sourcecode.swift; path = AppDelegate.swift; sourceTree = "<group>"; };
		F128DD161BFE7BE4000201DA /* ViewController.swift */ = {isa = PBXFileReference; lastKnownFileType = sourcecode.swift; path = ViewController.swift; sourceTree = "<group>"; };
		F128DD191BFE7BE4000201DA /* Base */ = {isa = PBXFileReference; lastKnownFileType = file.storyboard; name = Base; path = Base.lproj/Main.storyboard; sourceTree = "<group>"; };
		F128DD1C1BFE7BE4000201DA /* MyPredictor.xcdatamodel */ = {isa = PBXFileReference; lastKnownFileType = wrapper.xcdatamodel; path = MyPredictor.xcdatamodel; sourceTree = "<group>"; };
		F128DD1E1BFE7BE4000201DA /* Assets.xcassets */ = {isa = PBXFileReference; lastKnownFileType = folder.assetcatalog; path = Assets.xcassets; sourceTree = "<group>"; };
		F128DD211BFE7BE4000201DA /* Base */ = {isa = PBXFileReference; lastKnownFileType = file.storyboard; name = Base; path = Base.lproj/LaunchScreen.storyboard; sourceTree = "<group>"; };
		F128DD231BFE7BE4000201DA /* Info.plist */ = {isa = PBXFileReference; lastKnownFileType = text.plist.xml; path = Info.plist; sourceTree = "<group>"; };
/* End PBXFileReference section */

/* Begin PBXFrameworksBuildPhase section */
		F128DD0E1BFE7BE4000201DA /* Frameworks */ = {
			isa = PBXFrameworksBuildPhase;
			buildActionMask = 2147483647;
			files = (
			);
			runOnlyForDeploymentPostprocessing = 0;
		};
/* End PBXFrameworksBuildPhase section */

/* Begin PBXGroup section */
		F128DD081BFE7BE4000201DA = {
			isa = PBXGroup;
			children = (
				F128DD131BFE7BE4000201DA /* MyPredictor */,
				F128DD121BFE7BE4000201DA /* Products */,
			);
			sourceTree = "<group>";
		};
		F128DD121BFE7BE4000201DA /* Products */ = {
			isa = PBXGroup;
			children = (
				F128DD111BFE7BE4000201DA /* MyPredictor.app */,
			);
			name = Products;
			sourceTree = "<group>";
		};
		F128DD131BFE7BE4000201DA /* MyPredictor */ = {
			isa = PBXGroup;
			children = (
				F128DD141BFE7BE4000201DA /* AppDelegate.swift */,
				F128DD161BFE7BE4000201DA /* ViewController.swift */,
				F128DD181BFE7BE4000201DA /* Main.storyboard */,
				F128DD1E1BFE7BE4000201DA /* Assets.xcassets */,
				F128DD201BFE7BE4000201DA /* LaunchScreen.storyboard */,
				F128DD231BFE7BE4000201DA /* Info.plist */,
				F128DD1B1BFE7BE4000201DA /* MyPredictor.xcdatamodeld */,
			);
			path = MyPredictor;
			sourceTree = "<group>";
		};
/* End PBXGroup section */

/* Begin PBXNativeTarget section */
		F128DD101BFE7BE4000201DA /* MyPredictor */ = {
			isa = PBXNativeTarget;
			buildConfigurationList = F128DD261BFE7BE4000201DA /* Build configuration list for PBXNativeTarget "MyPredictor" */;
			buildPhases = (
				F128DD0D1BFE7BE4000201DA /* Sources */,
				F128DD0E1BFE7BE4000201DA /* Frameworks */,
				F128DD0F1BFE7BE4000201DA /* Resources */,
			);
			buildRules = (
			);
			dependencies = (
			);
			name = MyPredictor;
			productName = MyPredictor;
			productReference = F128DD111BFE7BE4000201DA /* MyPredictor.app */;
			productType = "com.apple.product-type.application";
		};
/* End PBXNativeTarget section */

/* Begin PBXProject section */
		F128DD091BFE7BE4000201DA /* Project object */ = {
			isa = PBXProject;
			attributes = {
				LastSwiftUpdateCheck = 0710;
				LastUpgradeCheck = 0710;
				ORGANIZATIONNAME = "Krikor Bisdikian";
				TargetAttributes = {
					F128DD101BFE7BE4000201DA = {
						CreatedOnToolsVersion = 7.1.1;
					};
				};
			};
			buildConfigurationList = F128DD0C1BFE7BE4000201DA /* Build configuration list for PBXProject "MyPredictor" */;
			compatibilityVersion = "Xcode 3.2";
			developmentRegion = English;
			hasScannedForEncodings = 0;
			knownRegions = (
				en,
				Base,
			);
			mainGroup = F128DD081BFE7BE4000201DA;
			productRefGroup = F128DD121BFE7BE4000201DA /* Products */;
			projectDirPath = "";
			projectRoot = "";
			targets = (
				F128DD101BFE7BE4000201DA /* MyPredictor */,
			);
		};
/* End PBXProject section */

/* Begin PBXResourcesBuildPhase section */
		F128DD0F1BFE7BE4000201DA /* Resources */ = {
			isa = PBXResourcesBuildPhase;
			buildActionMask = 2147483647;
			files = (
				F128DD221BFE7BE4000201DA /* LaunchScreen.storyboard in Resources */,
				F128DD1F1BFE7BE4000201DA /* Assets.xcassets in Resources */,
				F128DD1A1BFE7BE4000201DA /* Main.storyboard in Resources */,
			);
			runOnlyForDeploymentPostprocessing = 0;
		};
/* End PBXResourcesBuildPhase section */

/* Begin PBXSourcesBuildPhase section */
		F128DD0D1BFE7BE4000201DA /* Sources */ = {
			isa = PBXSourcesBuildPhase;
			buildActionMask = 2147483647;
			files = (
				F128DD171BFE7BE4000201DA /* ViewController.swift in Sources */,
				F128DD1D1BFE7BE4000201DA /* MyPredictor.xcdatamodeld in Sources */,
				F128DD151BFE7BE4000201DA /* AppDelegate.swift in Sources */,
			);
			runOnlyForDeploymentPostprocessing = 0;
		};
/* End PBXSourcesBuildPhase section */

/* Begin PBXVariantGroup section */
		F128DD181BFE7BE4000201DA /* Main.storyboard */ = {
			isa = PBXVariantGroup;
			children = (
				F128DD191BFE7BE4000201DA /* Base */,
			);
			name = Main.storyboard;
			sourceTree = "<group>";
		};
		F128DD201BFE7BE4000201DA /* LaunchScreen.storyboard */ = {
			isa = PBXVariantGroup;
			children = (
				F128DD211BFE7BE4000201DA /* Base */,
			);
			name = LaunchScreen.storyboard;
			sourceTree = "<group>";
		};
/* End PBXVariantGroup section */

/* Begin XCBuildConfiguration section */
		F128DD241BFE7BE4000201DA /* Debug */ = {
			isa = XCBuildConfiguration;
			buildSettings = {
				ALWAYS_SEARCH_USER_PATHS = NO;
				CLANG_CXX_LANGUAGE_STANDARD = "gnu++0x";
				CLANG_CXX_LIBRARY = "libc++";
				CLANG_ENABLE_MODULES = YES;
				CLANG_ENABLE_OBJC_ARC = YES;
				CLANG_WARN_BOOL_CONVERSION = YES;
				CLANG_WARN_CONSTANT_CONVERSION = YES;
				CLANG_WARN_DIRECT_OBJC_ISA_USAGE = YES_ERROR;
				CLANG_WARN_EMPTY_BODY = YES;
				CLANG_WARN_ENUM_CONVERSION = YES;
				CLANG_WARN_INT_CONVERSION = YES;
				CLANG_WARN_OBJC_ROOT_CLASS = YES_ERROR;
				CLANG_WARN_UNREACHABLE_CODE = YES;
				CLANG_WARN__DUPLICATE_METHOD_MATCH = YES;
				"CODE_SIGN_IDENTITY[sdk=iphoneos*]" = "iPhone Developer";
				COPY_PHASE_STRIP = NO;
				DEBUG_INFORMATION_FORMAT = dwarf;
				ENABLE_STRICT_OBJC_MSGSEND = YES;
				ENABLE_TESTABILITY = YES;
				GCC_C_LANGUAGE_STANDARD = gnu99;
				GCC_DYNAMIC_NO_PIC = NO;
				GCC_NO_COMMON_BLOCKS = YES;
				GCC_OPTIMIZATION_LEVEL = 0;
				GCC_PREPROCESSOR_DEFINITIONS = (
					"DEBUG=1",
					"$(inherited)",
				);
				GCC_WARN_64_TO_32_BIT_CONVERSION = YES;
				GCC_WARN_ABOUT_RETURN_TYPE = YES_ERROR;
				GCC_WARN_UNDECLARED_SELECTOR = YES;
				GCC_WARN_UNINITIALIZED_AUTOS = YES_AGGRESSIVE;
				GCC_WARN_UNUSED_FUNCTION = YES;
				GCC_WARN_UNUSED_VARIABLE = YES;
				IPHONEOS_DEPLOYMENT_TARGET = 9.1;
				MTL_ENABLE_DEBUG_INFO = YES;
				ONLY_ACTIVE_ARCH = YES;
				SDKROOT = iphoneos;
				SWIFT_OPTIMIZATION_LEVEL = "-Onone";
			};
			name = Debug;
		};
		F128DD251BFE7BE4000201DA /* Release */ = {
			isa = XCBuildConfiguration;
			buildSettings = {
				ALWAYS_SEARCH_USER_PATHS = NO;
				CLANG_CXX_LANGUAGE_STANDARD = "gnu++0x";
				CLANG_CXX_LIBRARY = "libc++";
				CLANG_ENABLE_MODULES = YES;
				CLANG_ENABLE_OBJC_ARC = YES;
				CLANG_WARN_BOOL_CONVERSION = YES;
				CLANG_WARN_CONSTANT_CONVERSION = YES;
				CLANG_WARN_DIRECT_OBJC_ISA_USAGE = YES_ERROR;
				CLANG_WARN_EMPTY_BODY = YES;
				CLANG_WARN_ENUM_CONVERSION = YES;
				CLANG_WARN_INT_CONVERSION = YES;
				CLANG_WARN_OBJC_ROOT_CLASS = YES_ERROR;
				CLANG_WARN_UNREACHABLE_CODE = YES;
				CLANG_WARN__DUPLICATE_METHOD_MATCH = YES;
				"CODE_SIGN_IDENTITY[sdk=iphoneos*]" = "iPhone Developer";
				COPY_PHASE_STRIP = NO;
				DEBUG_INFORMATION_FORMAT = "dwarf-with-dsym";
				ENABLE_NS_ASSERTIONS = NO;
				ENABLE_STRICT_OBJC_MSGSEND = YES;
				GCC_C_LANGUAGE_STANDARD = gnu99;
				GCC_NO_COMMON_BLOCKS = YES;
				GCC_WARN_64_TO_32_BIT_CONVERSION = YES;
				GCC_WARN_ABOUT_RETURN_TYPE = YES_ERROR;
				GCC_WARN_UNDECLARED_SELECTOR = YES;
				GCC_WARN_UNINITIALIZED_AUTOS = YES_AGGRESSIVE;
				GCC_WARN_UNUSED_FUNCTION = YES;
				GCC_WARN_UNUSED_VARIABLE = YES;
				IPHONEOS_DEPLOYMENT_TARGET = 9.1;
				MTL_ENABLE_DEBUG_INFO = NO;
				SDKROOT = iphoneos;
				VALIDATE_PRODUCT = YES;
			};
			name = Release;
		};
		F128DD271BFE7BE4000201DA /* Debug */ = {
			isa = XCBuildConfiguration;
			buildSettings = {
				ASSETCATALOG_COMPILER_APPICON_NAME = AppIcon;
				INFOPLIST_FILE = MyPredictor/Info.plist;
				LD_RUNPATH_SEARCH_PATHS = "$(inherited) @executable_path/Frameworks";
				PRODUCT_BUNDLE_IDENTIFIER = krikor.MyPredictor;
				PRODUCT_NAME = "$(TARGET_NAME)";
			};
			name = Debug;
		};
		F128DD281BFE7BE4000201DA /* Release */ = {
			isa = XCBuildConfiguration;
			buildSettings = {
				ASSETCATALOG_COMPILER_APPICON_NAME = AppIcon;
				INFOPLIST_FILE = MyPredictor/Info.plist;
				LD_RUNPATH_SEARCH_PATHS = "$(inherited) @executable_path/Frameworks";
				PRODUCT_BUNDLE_IDENTIFIER = krikor.MyPredictor;
				PRODUCT_NAME = "$(TARGET_NAME)";
			};
			name = Release;
		};
/* End XCBuildConfiguration section */

/* Begin XCConfigurationList section */
		F128DD0C1BFE7BE4000201DA /* Build configuration list for PBXProject "MyPredictor" */ = {
			isa = XCConfigurationList;
			buildConfigurations = (
				F128DD241BFE7BE4000201DA /* Debug */,
				F128DD251BFE7BE4000201DA /* Release */,
			);
			defaultConfigurationIsVisible = 0;
			defaultConfigurationName = Release;
		};
		F128DD261BFE7BE4000201DA /* Build configuration list for PBXNativeTarget "MyPredictor" */ = {
			isa = XCConfigurationList;
			buildConfigurations = (
				F128DD271BFE7BE4000201DA /* Debug */,
				F128DD281BFE7BE4000201DA /* Release */,
			);
			defaultConfigurationIsVisible = 0;
		};
/* End XCConfigurationList section */

/* Begin XCVersionGroup section */
		F128DD1B1BFE7BE4000201DA /* MyPredictor.xcdatamodeld */ = {
			isa = XCVersionGroup;
			children = (
				F128DD1C1BFE7BE4000201DA /* MyPredictor.xcdatamodel */,
			);
			currentVersion = F128DD1C1BFE7BE4000201DA /* MyPredictor.xcdatamodel */;
			path = MyPredictor.xcdatamodeld;
			sourceTree = "<group>";
			versionGroupType = wrapper.xcdatamodel;
		};
/* End XCVersionGroup section */
	};
	rootObject = F128DD091BFE7BE4000201DA /* Project object */;
}
